{
  "requires": true,
  "lockfileVersion": 1,
  "dependencies": {
    "slick-carousel": {
      "version": "1.8.1",
      "resolved": "https://registry.npmjs.org/slick-carousel/-/slick-carousel-1.8.1.tgz",
      "integrity": "sha512-XB9Ftrf2EEKfzoQXt3Nitrt/IPbT+f1fgqBdoxO3W/+JYvtEOW6EgxnWfr9GH6nmULv7Y2tPmEX3koxThVmebA=="
    },
    "sweetalert2": {
      "version": "9.14.4",
      "resolved": "https://registry.npmjs.org/sweetalert2/-/sweetalert2-9.14.4.tgz",
      "integrity": "sha512-+uqlHoK6BKgB2x9nhHFkNaugCfUnAJqZajtWPFVAP1B7a8PZ4ZUnjWjlFtjuJPWiXNu2s1XdACjnwP+PMXMlrg=="
    }
  }
}
